{
  "name": "nuxt-validate",
  "version": "0.1.0",
  "lockfileVersion": 1,
  "requires": true,
  "dependencies": {
    "vee-validate": {
      "version": "2.1.2",
      "resolved": "https://registry.npmjs.org/vee-validate/-/vee-validate-2.1.2.tgz",
      "integrity": "sha512-6Gr7jxXRnRhAg4QKedWF2mqtJ5MF6os8OBUtWS4XTOyGMbwa1UsJOPogqxEJA1qNqf5fUwqr/uP5Vs1zVyHSxA=="
    }
  }
}
